
Microsoft Visual Studio Solution File, Format Version 12.00
# Visual Studio 2012
Project("{FAE04EC0-301F-11D3-BF4B-00C04F79EFBC}") = "StudentSystem.Model", "StudentSystem.Model\StudentSystem.Model.csproj", "{CAAFA4A0-107D-46A7-B8F6-B2EF92FED911}"
EndProject
Project("{FAE04EC0-301F-11D3-BF4B-00C04F79EFBC}") = "StudentSystem.DataLayer", "StudentSystem.DataLayer\StudentSystem.DataLayer.csproj", "{A5E7FF84-AF44-4930-A5C0-0674121A8297}"
EndProject
Project("{FAE04EC0-301F-11D3-BF4B-00C04F79EFBC}") = "StudentSystem.RepositoryLayer", "StudentSystem.RepositoryLayer\StudentSystem.RepositoryLayer.csproj", "{3ABA66FA-4BAE-499A-90B7-188808E50978}"
EndProject
Project("{FAE04EC0-301F-11D3-BF4B-00C04F79EFBC}") = "StudentSystem.ServiceLayer", "StudentSystem.ServiceLayer\StudentSystem.ServiceLayer.csproj", "{2038A38A-12D3-4DEC-ABD4-609210E7A228}"
EndProject
Project("{FAE04EC0-301F-11D3-BF4B-00C04F79EFBC}") = "StudentSystem.ServiceLayer.Tests", "StudentSystem.ServiceLayer.Tests\StudentSystem.ServiceLayer.Tests.csproj", "{2C4EA6B3-DE80-4D92-BC08-E1F6A42AF890}"
EndProject
Project("{FAE04EC0-301F-11D3-BF4B-00C04F79EFBC}") = "StudentSystem.RepositoryLayer.Tests", "StudentSystem.RepositoryLayer.Tests\StudentSystem.RepositoryLayer.Tests.csproj", "{53597904-EB3B-456C-B466-B90FA6602E36}"
EndProject
Project("{FAE04EC0-301F-11D3-BF4B-00C04F79EFBC}") = "StudentSystem.ServiceLayer.IntegrationsT", "StudentSystem.ServiceLayer.IntegrationsT\StudentSystem.ServiceLayer.IntegrationsT.csproj", "{0C1953EA-2829-44D7-8F12-8BF08DDF39B1}"
EndProject
Global
	GlobalSection(SolutionConfigurationPlatforms) = preSolution
		Debug|Any CPU = Debug|Any CPU
		Release|Any CPU = Release|Any CPU
	EndGlobalSection
	GlobalSection(ProjectConfigurationPlatforms) = postSolution
		{CAAFA4A0-107D-46A7-B8F6-B2EF92FED911}.Debug|Any CPU.ActiveCfg = Debug|Any CPU
		{CAAFA4A0-107D-46A7-B8F6-B2EF92FED911}.Debug|Any CPU.Build.0 = Debug|Any CPU
		{CAAFA4A0-107D-46A7-B8F6-B2EF92FED911}.Release|Any CPU.ActiveCfg = Release|Any CPU
		{CAAFA4A0-107D-46A7-B8F6-B2EF92FED911}.Release|Any CPU.Build.0 = Release|Any CPU
		{A5E7FF84-AF44-4930-A5C0-0674121A8297}.Debug|Any CPU.ActiveCfg = Debug|Any CPU
		{A5E7FF84-AF44-4930-A5C0-0674121A8297}.Debug|Any CPU.Build.0 = Debug|Any CPU
		{A5E7FF84-AF44-4930-A5C0-0674121A8297}.Release|Any CPU.ActiveCfg = Release|Any CPU
		{A5E7FF84-AF44-4930-A5C0-0674121A8297}.Release|Any CPU.Build.0 = Release|Any CPU
		{3ABA66FA-4BAE-499A-90B7-188808E50978}.Debug|Any CPU.ActiveCfg = Debug|Any CPU
		{3ABA66FA-4BAE-499A-90B7-188808E50978}.Debug|Any CPU.Build.0 = Debug|Any CPU
		{3ABA66FA-4BAE-499A-90B7-188808E50978}.Release|Any CPU.ActiveCfg = Release|Any CPU
		{3ABA66FA-4BAE-499A-90B7-188808E50978}.Release|Any CPU.Build.0 = Release|Any CPU
		{2038A38A-12D3-4DEC-ABD4-609210E7A228}.Debug|Any CPU.ActiveCfg = Debug|Any CPU
		{2038A38A-12D3-4DEC-ABD4-609210E7A228}.Debug|Any CPU.Build.0 = Debug|Any CPU
		{2038A38A-12D3-4DEC-ABD4-609210E7A228}.Release|Any CPU.ActiveCfg = Release|Any CPU
		{2038A38A-12D3-4DEC-ABD4-609210E7A228}.Release|Any CPU.Build.0 = Release|Any CPU
		{2C4EA6B3-DE80-4D92-BC08-E1F6A42AF890}.Debug|Any CPU.ActiveCfg = Debug|Any CPU
		{2C4EA6B3-DE80-4D92-BC08-E1F6A42AF890}.Debug|Any CPU.Build.0 = Debug|Any CPU
		{2C4EA6B3-DE80-4D92-BC08-E1F6A42AF890}.Release|Any CPU.ActiveCfg = Release|Any CPU
		{2C4EA6B3-DE80-4D92-BC08-E1F6A42AF890}.Release|Any CPU.Build.0 = Release|Any CPU
		{53597904-EB3B-456C-B466-B90FA6602E36}.Debug|Any CPU.ActiveCfg = Debug|Any CPU
		{53597904-EB3B-456C-B466-B90FA6602E36}.Debug|Any CPU.Build.0 = Debug|Any CPU
		{53597904-EB3B-456C-B466-B90FA6602E36}.Release|Any CPU.ActiveCfg = Release|Any CPU
		{53597904-EB3B-456C-B466-B90FA6602E36}.Release|Any CPU.Build.0 = Release|Any CPU
		{0C1953EA-2829-44D7-8F12-8BF08DDF39B1}.Debug|Any CPU.ActiveCfg = Debug|Any CPU
		{0C1953EA-2829-44D7-8F12-8BF08DDF39B1}.Debug|Any CPU.Build.0 = Debug|Any CPU
		{0C1953EA-2829-44D7-8F12-8BF08DDF39B1}.Release|Any CPU.ActiveCfg = Release|Any CPU
		{0C1953EA-2829-44D7-8F12-8BF08DDF39B1}.Release|Any CPU.Build.0 = Release|Any CPU
	EndGlobalSection
	GlobalSection(SolutionProperties) = preSolution
		HideSolutionNode = FALSE
	EndGlobalSection
EndGlobal
