
Microsoft Visual Studio Solution File, Format Version 12.00
# Visual Studio 2013
VisualStudioVersion = 12.0.20827.3
MinimumVisualStudioVersion = 10.0.40219.1
Project("{FAE04EC0-301F-11D3-BF4B-00C04F79EFBC}") = "Twitter", "Twitter\Twitter.csproj", "{5AE719DE-8B4D-4B62-AAFB-82851104436C}"
EndProject
Project("{FAE04EC0-301F-11D3-BF4B-00C04F79EFBC}") = "Twitter.Data", "Twitter.Data\Twitter.Data.csproj", "{52CB428A-9705-40B9-ACB2-8D8985900BE4}"
EndProject
Global
	GlobalSection(SolutionConfigurationPlatforms) = preSolution
		Debug|Any CPU = Debug|Any CPU
		Release|Any CPU = Release|Any CPU
	EndGlobalSection
	GlobalSection(ProjectConfigurationPlatforms) = postSolution
		{5AE719DE-8B4D-4B62-AAFB-82851104436C}.Debug|Any CPU.ActiveCfg = Debug|Any CPU
		{5AE719DE-8B4D-4B62-AAFB-82851104436C}.Debug|Any CPU.Build.0 = Debug|Any CPU
		{5AE719DE-8B4D-4B62-AAFB-82851104436C}.Release|Any CPU.ActiveCfg = Release|Any CPU
		{5AE719DE-8B4D-4B62-AAFB-82851104436C}.Release|Any CPU.Build.0 = Release|Any CPU
		{52CB428A-9705-40B9-ACB2-8D8985900BE4}.Debug|Any CPU.ActiveCfg = Debug|Any CPU
		{52CB428A-9705-40B9-ACB2-8D8985900BE4}.Debug|Any CPU.Build.0 = Debug|Any CPU
		{52CB428A-9705-40B9-ACB2-8D8985900BE4}.Release|Any CPU.ActiveCfg = Release|Any CPU
		{52CB428A-9705-40B9-ACB2-8D8985900BE4}.Release|Any CPU.Build.0 = Release|Any CPU
	EndGlobalSection
	GlobalSection(SolutionProperties) = preSolution
		HideSolutionNode = FALSE
	EndGlobalSection
EndGlobal
