
Microsoft Visual Studio Solution File, Format Version 12.00
# Visual Studio 2012
Project("{FAE04EC0-301F-11D3-BF4B-00C04F79EFBC}") = "1. Chef", "1. Chef\1. Chef.csproj", "{21984D29-10F0-4C3A-9CEE-B49C16EE5341}"
EndProject
Project("{FAE04EC0-301F-11D3-BF4B-00C04F79EFBC}") = "2. RefactorIfStatements", "2. RefactorIfStatements\2. RefactorIfStatements.csproj", "{9AC926B4-60C2-4E3C-9993-3962463A7777}"
EndProject
Project("{FAE04EC0-301F-11D3-BF4B-00C04F79EFBC}") = "3. RefactorLoop", "3. RefactorLoop\3. RefactorLoop.csproj", "{75756103-7749-486C-A5F5-A7E80C2DD37E}"
EndProject
Global
	GlobalSection(SolutionConfigurationPlatforms) = preSolution
		Debug|Any CPU = Debug|Any CPU
		Release|Any CPU = Release|Any CPU
	EndGlobalSection
	GlobalSection(ProjectConfigurationPlatforms) = postSolution
		{21984D29-10F0-4C3A-9CEE-B49C16EE5341}.Debug|Any CPU.ActiveCfg = Debug|Any CPU
		{21984D29-10F0-4C3A-9CEE-B49C16EE5341}.Debug|Any CPU.Build.0 = Debug|Any CPU
		{21984D29-10F0-4C3A-9CEE-B49C16EE5341}.Release|Any CPU.ActiveCfg = Release|Any CPU
		{21984D29-10F0-4C3A-9CEE-B49C16EE5341}.Release|Any CPU.Build.0 = Release|Any CPU
		{9AC926B4-60C2-4E3C-9993-3962463A7777}.Debug|Any CPU.ActiveCfg = Debug|Any CPU
		{9AC926B4-60C2-4E3C-9993-3962463A7777}.Debug|Any CPU.Build.0 = Debug|Any CPU
		{9AC926B4-60C2-4E3C-9993-3962463A7777}.Release|Any CPU.ActiveCfg = Release|Any CPU
		{9AC926B4-60C2-4E3C-9993-3962463A7777}.Release|Any CPU.Build.0 = Release|Any CPU
		{75756103-7749-486C-A5F5-A7E80C2DD37E}.Debug|Any CPU.ActiveCfg = Debug|Any CPU
		{75756103-7749-486C-A5F5-A7E80C2DD37E}.Debug|Any CPU.Build.0 = Debug|Any CPU
		{75756103-7749-486C-A5F5-A7E80C2DD37E}.Release|Any CPU.ActiveCfg = Release|Any CPU
		{75756103-7749-486C-A5F5-A7E80C2DD37E}.Release|Any CPU.Build.0 = Release|Any CPU
	EndGlobalSection
	GlobalSection(SolutionProperties) = preSolution
		HideSolutionNode = FALSE
	EndGlobalSection
EndGlobal
