
Microsoft Visual Studio Solution File, Format Version 12.00
# Visual Studio 2012
Project("{FAE04EC0-301F-11D3-BF4B-00C04F79EFBC}") = "Allocate20Integers", "Allocate20Integers\Allocate20Integers.csproj", "{0F3FCA67-F3D0-4DC4-99E3-A34DB4FA2734}"
EndProject
Project("{FAE04EC0-301F-11D3-BF4B-00C04F79EFBC}") = "ReadAndCompareTwoArrays", "ReadAndCompareTwoArrays\ReadAndCompareTwoArrays.csproj", "{4B3D07E3-5227-4CD5-8733-EA647A1E383C}"
EndProject
Project("{FAE04EC0-301F-11D3-BF4B-00C04F79EFBC}") = "CompareTwoCharArrays", "CompareTwoCharArrays\CompareTwoCharArrays.csproj", "{3D6B8077-355B-4CCF-847C-3820318DD008}"
EndProject
Project("{FAE04EC0-301F-11D3-BF4B-00C04F79EFBC}") = "MaximalSequenceOfConsecutiveEqualNumbers", "MaximalSequenceOfConsecutiveEqualNumbers\MaximalSequenceOfConsecutiveEqualNumbers.csproj", "{8C8D41B5-EE18-4901-9598-40663E1834C3}"
EndProject
Project("{FAE04EC0-301F-11D3-BF4B-00C04F79EFBC}") = "MaxiamalSequenceOfConsecutiveIncreasingNumbers", "MaxiamalSequenceOfConsecutiveIncreasingNumbers\MaxiamalSequenceOfConsecutiveIncreasingNumbers.csproj", "{C41DE4AA-CA9B-466F-8F79-C49F5FA1B4D7}"
EndProject
Project("{FAE04EC0-301F-11D3-BF4B-00C04F79EFBC}") = "KElementsWithMaxSum", "KElementsWithMaxSum\KElementsWithMaxSum.csproj", "{0F1E4FA2-9FB0-4393-9597-B3F384C303CB}"
EndProject
Project("{FAE04EC0-301F-11D3-BF4B-00C04F79EFBC}") = "SelectionSort", "SelectionSort\SelectionSort.csproj", "{7168E5FD-4B86-4FD1-985C-748C5DA1BE2B}"
EndProject
Project("{FAE04EC0-301F-11D3-BF4B-00C04F79EFBC}") = "SequenceWithMaxSum", "SequenceWithMaxSum\SequenceWithMaxSum.csproj", "{1C4EC3A6-CFC9-4DC4-AF53-4683EB4FC2AB}"
EndProject
Project("{FAE04EC0-301F-11D3-BF4B-00C04F79EFBC}") = "MostFrequentNumberInArray", "MostFrequentNumberInArray\MostFrequentNumberInArray.csproj", "{F505E288-AF54-4B01-95EC-69E6A382D242}"
EndProject
Project("{FAE04EC0-301F-11D3-BF4B-00C04F79EFBC}") = "SequenceWithExactSum", "SequenceWithExactSum\SequenceWithExactSum.csproj", "{8A84AA02-7708-4B7C-B57D-D07C4E5EC89C}"
EndProject
Project("{FAE04EC0-301F-11D3-BF4B-00C04F79EFBC}") = "BinarySearch", "BinarySearch\BinarySearch.csproj", "{1442189F-6C8A-4EED-94F9-1131450196A1}"
EndProject
Project("{FAE04EC0-301F-11D3-BF4B-00C04F79EFBC}") = "AlphabetArray", "AlphabetArray\AlphabetArray.csproj", "{C6334416-51CB-494D-8B2A-F85BFAC8C706}"
EndProject
Project("{FAE04EC0-301F-11D3-BF4B-00C04F79EFBC}") = "MergeSort", "MergeSort\MergeSort.csproj", "{C5312C4A-F265-4A17-9264-3B96794DAF7E}"
EndProject
Project("{FAE04EC0-301F-11D3-BF4B-00C04F79EFBC}") = "QuickSort", "QuickSort\QuickSort.csproj", "{BA825786-D8EE-4123-8F63-A92B62689086}"
EndProject
Project("{FAE04EC0-301F-11D3-BF4B-00C04F79EFBC}") = "SeiveOfEratosthenes", "SeiveOfEratosthenes\SeiveOfEratosthenes.csproj", "{7F0D8BA0-3A67-441D-A5C6-6AF195767520}"
EndProject
Project("{FAE04EC0-301F-11D3-BF4B-00C04F79EFBC}") = "SubsetWithExactSum", "SubsetWithExactSum\SubsetWithExactSum.csproj", "{A80AEBEC-2F90-4806-87F0-72C477BEBBBB}"
EndProject
Project("{FAE04EC0-301F-11D3-BF4B-00C04F79EFBC}") = "SubsetWithExactSumAndKElements", "SubsetWithExactSumAndKElements\SubsetWithExactSumAndKElements.csproj", "{01286CD9-EF2A-4FB7-B155-813AF1AFCDE9}"
EndProject
Project("{FAE04EC0-301F-11D3-BF4B-00C04F79EFBC}") = "RemoveMinimalToSortArray", "RemoveMinimalToSortArray\RemoveMinimalToSortArray.csproj", "{6A2BE269-1888-4DD8-B918-683D7B9D7AB0}"
EndProject
Project("{FAE04EC0-301F-11D3-BF4B-00C04F79EFBC}") = "Permutations", "Pwemutations\Permutations.csproj", "{A0EC0205-89C2-448A-B801-96ADF6F747C3}"
EndProject
Project("{FAE04EC0-301F-11D3-BF4B-00C04F79EFBC}") = "Variations", "Variations\Variations.csproj", "{5A0E104C-BDBC-43D3-A7F1-E1A0411F5E50}"
EndProject
Project("{FAE04EC0-301F-11D3-BF4B-00C04F79EFBC}") = "Combinations", "Combinations\Combinations.csproj", "{1F73E903-ED97-43B0-ACCD-9E2B1EB6B527}"
EndProject
Global
	GlobalSection(SolutionConfigurationPlatforms) = preSolution
		Debug|Any CPU = Debug|Any CPU
		Release|Any CPU = Release|Any CPU
	EndGlobalSection
	GlobalSection(ProjectConfigurationPlatforms) = postSolution
		{0F3FCA67-F3D0-4DC4-99E3-A34DB4FA2734}.Debug|Any CPU.ActiveCfg = Debug|Any CPU
		{0F3FCA67-F3D0-4DC4-99E3-A34DB4FA2734}.Debug|Any CPU.Build.0 = Debug|Any CPU
		{0F3FCA67-F3D0-4DC4-99E3-A34DB4FA2734}.Release|Any CPU.ActiveCfg = Release|Any CPU
		{0F3FCA67-F3D0-4DC4-99E3-A34DB4FA2734}.Release|Any CPU.Build.0 = Release|Any CPU
		{4B3D07E3-5227-4CD5-8733-EA647A1E383C}.Debug|Any CPU.ActiveCfg = Debug|Any CPU
		{4B3D07E3-5227-4CD5-8733-EA647A1E383C}.Debug|Any CPU.Build.0 = Debug|Any CPU
		{4B3D07E3-5227-4CD5-8733-EA647A1E383C}.Release|Any CPU.ActiveCfg = Release|Any CPU
		{4B3D07E3-5227-4CD5-8733-EA647A1E383C}.Release|Any CPU.Build.0 = Release|Any CPU
		{3D6B8077-355B-4CCF-847C-3820318DD008}.Debug|Any CPU.ActiveCfg = Debug|Any CPU
		{3D6B8077-355B-4CCF-847C-3820318DD008}.Debug|Any CPU.Build.0 = Debug|Any CPU
		{3D6B8077-355B-4CCF-847C-3820318DD008}.Release|Any CPU.ActiveCfg = Release|Any CPU
		{3D6B8077-355B-4CCF-847C-3820318DD008}.Release|Any CPU.Build.0 = Release|Any CPU
		{8C8D41B5-EE18-4901-9598-40663E1834C3}.Debug|Any CPU.ActiveCfg = Debug|Any CPU
		{8C8D41B5-EE18-4901-9598-40663E1834C3}.Debug|Any CPU.Build.0 = Debug|Any CPU
		{8C8D41B5-EE18-4901-9598-40663E1834C3}.Release|Any CPU.ActiveCfg = Release|Any CPU
		{8C8D41B5-EE18-4901-9598-40663E1834C3}.Release|Any CPU.Build.0 = Release|Any CPU
		{C41DE4AA-CA9B-466F-8F79-C49F5FA1B4D7}.Debug|Any CPU.ActiveCfg = Debug|Any CPU
		{C41DE4AA-CA9B-466F-8F79-C49F5FA1B4D7}.Debug|Any CPU.Build.0 = Debug|Any CPU
		{C41DE4AA-CA9B-466F-8F79-C49F5FA1B4D7}.Release|Any CPU.ActiveCfg = Release|Any CPU
		{C41DE4AA-CA9B-466F-8F79-C49F5FA1B4D7}.Release|Any CPU.Build.0 = Release|Any CPU
		{0F1E4FA2-9FB0-4393-9597-B3F384C303CB}.Debug|Any CPU.ActiveCfg = Debug|Any CPU
		{0F1E4FA2-9FB0-4393-9597-B3F384C303CB}.Debug|Any CPU.Build.0 = Debug|Any CPU
		{0F1E4FA2-9FB0-4393-9597-B3F384C303CB}.Release|Any CPU.ActiveCfg = Release|Any CPU
		{0F1E4FA2-9FB0-4393-9597-B3F384C303CB}.Release|Any CPU.Build.0 = Release|Any CPU
		{7168E5FD-4B86-4FD1-985C-748C5DA1BE2B}.Debug|Any CPU.ActiveCfg = Debug|Any CPU
		{7168E5FD-4B86-4FD1-985C-748C5DA1BE2B}.Debug|Any CPU.Build.0 = Debug|Any CPU
		{7168E5FD-4B86-4FD1-985C-748C5DA1BE2B}.Release|Any CPU.ActiveCfg = Release|Any CPU
		{7168E5FD-4B86-4FD1-985C-748C5DA1BE2B}.Release|Any CPU.Build.0 = Release|Any CPU
		{1C4EC3A6-CFC9-4DC4-AF53-4683EB4FC2AB}.Debug|Any CPU.ActiveCfg = Debug|Any CPU
		{1C4EC3A6-CFC9-4DC4-AF53-4683EB4FC2AB}.Debug|Any CPU.Build.0 = Debug|Any CPU
		{1C4EC3A6-CFC9-4DC4-AF53-4683EB4FC2AB}.Release|Any CPU.ActiveCfg = Release|Any CPU
		{1C4EC3A6-CFC9-4DC4-AF53-4683EB4FC2AB}.Release|Any CPU.Build.0 = Release|Any CPU
		{F505E288-AF54-4B01-95EC-69E6A382D242}.Debug|Any CPU.ActiveCfg = Debug|Any CPU
		{F505E288-AF54-4B01-95EC-69E6A382D242}.Debug|Any CPU.Build.0 = Debug|Any CPU
		{F505E288-AF54-4B01-95EC-69E6A382D242}.Release|Any CPU.ActiveCfg = Release|Any CPU
		{F505E288-AF54-4B01-95EC-69E6A382D242}.Release|Any CPU.Build.0 = Release|Any CPU
		{8A84AA02-7708-4B7C-B57D-D07C4E5EC89C}.Debug|Any CPU.ActiveCfg = Debug|Any CPU
		{8A84AA02-7708-4B7C-B57D-D07C4E5EC89C}.Debug|Any CPU.Build.0 = Debug|Any CPU
		{8A84AA02-7708-4B7C-B57D-D07C4E5EC89C}.Release|Any CPU.ActiveCfg = Release|Any CPU
		{8A84AA02-7708-4B7C-B57D-D07C4E5EC89C}.Release|Any CPU.Build.0 = Release|Any CPU
		{1442189F-6C8A-4EED-94F9-1131450196A1}.Debug|Any CPU.ActiveCfg = Debug|Any CPU
		{1442189F-6C8A-4EED-94F9-1131450196A1}.Debug|Any CPU.Build.0 = Debug|Any CPU
		{1442189F-6C8A-4EED-94F9-1131450196A1}.Release|Any CPU.ActiveCfg = Release|Any CPU
		{1442189F-6C8A-4EED-94F9-1131450196A1}.Release|Any CPU.Build.0 = Release|Any CPU
		{C6334416-51CB-494D-8B2A-F85BFAC8C706}.Debug|Any CPU.ActiveCfg = Debug|Any CPU
		{C6334416-51CB-494D-8B2A-F85BFAC8C706}.Debug|Any CPU.Build.0 = Debug|Any CPU
		{C6334416-51CB-494D-8B2A-F85BFAC8C706}.Release|Any CPU.ActiveCfg = Release|Any CPU
		{C6334416-51CB-494D-8B2A-F85BFAC8C706}.Release|Any CPU.Build.0 = Release|Any CPU
		{C5312C4A-F265-4A17-9264-3B96794DAF7E}.Debug|Any CPU.ActiveCfg = Debug|Any CPU
		{C5312C4A-F265-4A17-9264-3B96794DAF7E}.Debug|Any CPU.Build.0 = Debug|Any CPU
		{C5312C4A-F265-4A17-9264-3B96794DAF7E}.Release|Any CPU.ActiveCfg = Release|Any CPU
		{C5312C4A-F265-4A17-9264-3B96794DAF7E}.Release|Any CPU.Build.0 = Release|Any CPU
		{BA825786-D8EE-4123-8F63-A92B62689086}.Debug|Any CPU.ActiveCfg = Debug|Any CPU
		{BA825786-D8EE-4123-8F63-A92B62689086}.Debug|Any CPU.Build.0 = Debug|Any CPU
		{BA825786-D8EE-4123-8F63-A92B62689086}.Release|Any CPU.ActiveCfg = Release|Any CPU
		{BA825786-D8EE-4123-8F63-A92B62689086}.Release|Any CPU.Build.0 = Release|Any CPU
		{7F0D8BA0-3A67-441D-A5C6-6AF195767520}.Debug|Any CPU.ActiveCfg = Debug|Any CPU
		{7F0D8BA0-3A67-441D-A5C6-6AF195767520}.Debug|Any CPU.Build.0 = Debug|Any CPU
		{7F0D8BA0-3A67-441D-A5C6-6AF195767520}.Release|Any CPU.ActiveCfg = Release|Any CPU
		{7F0D8BA0-3A67-441D-A5C6-6AF195767520}.Release|Any CPU.Build.0 = Release|Any CPU
		{A80AEBEC-2F90-4806-87F0-72C477BEBBBB}.Debug|Any CPU.ActiveCfg = Debug|Any CPU
		{A80AEBEC-2F90-4806-87F0-72C477BEBBBB}.Debug|Any CPU.Build.0 = Debug|Any CPU
		{A80AEBEC-2F90-4806-87F0-72C477BEBBBB}.Release|Any CPU.ActiveCfg = Release|Any CPU
		{A80AEBEC-2F90-4806-87F0-72C477BEBBBB}.Release|Any CPU.Build.0 = Release|Any CPU
		{01286CD9-EF2A-4FB7-B155-813AF1AFCDE9}.Debug|Any CPU.ActiveCfg = Debug|Any CPU
		{01286CD9-EF2A-4FB7-B155-813AF1AFCDE9}.Debug|Any CPU.Build.0 = Debug|Any CPU
		{01286CD9-EF2A-4FB7-B155-813AF1AFCDE9}.Release|Any CPU.ActiveCfg = Release|Any CPU
		{01286CD9-EF2A-4FB7-B155-813AF1AFCDE9}.Release|Any CPU.Build.0 = Release|Any CPU
		{6A2BE269-1888-4DD8-B918-683D7B9D7AB0}.Debug|Any CPU.ActiveCfg = Debug|Any CPU
		{6A2BE269-1888-4DD8-B918-683D7B9D7AB0}.Debug|Any CPU.Build.0 = Debug|Any CPU
		{6A2BE269-1888-4DD8-B918-683D7B9D7AB0}.Release|Any CPU.ActiveCfg = Release|Any CPU
		{6A2BE269-1888-4DD8-B918-683D7B9D7AB0}.Release|Any CPU.Build.0 = Release|Any CPU
		{A0EC0205-89C2-448A-B801-96ADF6F747C3}.Debug|Any CPU.ActiveCfg = Debug|Any CPU
		{A0EC0205-89C2-448A-B801-96ADF6F747C3}.Debug|Any CPU.Build.0 = Debug|Any CPU
		{A0EC0205-89C2-448A-B801-96ADF6F747C3}.Release|Any CPU.ActiveCfg = Release|Any CPU
		{A0EC0205-89C2-448A-B801-96ADF6F747C3}.Release|Any CPU.Build.0 = Release|Any CPU
		{5A0E104C-BDBC-43D3-A7F1-E1A0411F5E50}.Debug|Any CPU.ActiveCfg = Debug|Any CPU
		{5A0E104C-BDBC-43D3-A7F1-E1A0411F5E50}.Debug|Any CPU.Build.0 = Debug|Any CPU
		{5A0E104C-BDBC-43D3-A7F1-E1A0411F5E50}.Release|Any CPU.ActiveCfg = Release|Any CPU
		{5A0E104C-BDBC-43D3-A7F1-E1A0411F5E50}.Release|Any CPU.Build.0 = Release|Any CPU
		{1F73E903-ED97-43B0-ACCD-9E2B1EB6B527}.Debug|Any CPU.ActiveCfg = Debug|Any CPU
		{1F73E903-ED97-43B0-ACCD-9E2B1EB6B527}.Debug|Any CPU.Build.0 = Debug|Any CPU
		{1F73E903-ED97-43B0-ACCD-9E2B1EB6B527}.Release|Any CPU.ActiveCfg = Release|Any CPU
		{1F73E903-ED97-43B0-ACCD-9E2B1EB6B527}.Release|Any CPU.Build.0 = Release|Any CPU
	EndGlobalSection
	GlobalSection(SolutionProperties) = preSolution
		HideSolutionNode = FALSE
	EndGlobalSection
	GlobalSection(Performance) = preSolution
		HasPerformanceSessions = true
	EndGlobalSection
EndGlobal
