
Microsoft Visual Studio Solution File, Format Version 12.00
# Visual Studio 2012
Project("{FAE04EC0-301F-11D3-BF4B-00C04F79EFBC}") = "01. NumberOfCategories", "01. NumberOfCategories\01. NumberOfCategories.csproj", "{23DE61C1-65E2-44C1-A9D7-198B9225FFDE}"
EndProject
Project("{FAE04EC0-301F-11D3-BF4B-00C04F79EFBC}") = "02. NameAndDescriptionOfCategories", "02. NameAndDescriptionOfCategories\02. NameAndDescriptionOfCategories.csproj", "{CB48BAB1-9A24-42E4-AC8B-7A8B6E23F3A5}"
EndProject
Project("{FAE04EC0-301F-11D3-BF4B-00C04F79EFBC}") = "04. AddProduct", "04. AddProduct\04. AddProduct.csproj", "{6E28AEC1-8574-4CDE-A7B4-CAFA961465A0}"
EndProject
Project("{FAE04EC0-301F-11D3-BF4B-00C04F79EFBC}") = "05. StoreImages", "05. StoreImages\05. StoreImages.csproj", "{669FEC74-717B-43E7-AA9C-5E1EC4A0D48F}"
EndProject
Project("{FAE04EC0-301F-11D3-BF4B-00C04F79EFBC}") = "03. GetCategoriesAndName", "03. GetCategoriesAndName\03. GetCategoriesAndName.csproj", "{399C3C95-D6C9-4C9F-961F-AA360F492AAF}"
EndProject
Project("{FAE04EC0-301F-11D3-BF4B-00C04F79EFBC}") = "06. ReadFromExcel", "06. ReadFromExcel\06. ReadFromExcel.csproj", "{9596DAC1-6D38-48DC-A944-DC5E92FC78E5}"
EndProject
Project("{FAE04EC0-301F-11D3-BF4B-00C04F79EFBC}") = "07. AppendToExcel", "07. AppendToExcel\07. AppendToExcel.csproj", "{F5910569-FEAC-4E44-BD85-8A5DEE1D3113}"
EndProject
Project("{FAE04EC0-301F-11D3-BF4B-00C04F79EFBC}") = "08. FindAllProductsWithEscapingSpecialCharacters", "08. FindAllProductsWithEscapingSpecialCharacters\08. FindAllProductsWithEscapingSpecialCharacters.csproj", "{382AD6E1-15DE-4447-9BE9-06BE62D4D7DF}"
EndProject
Project("{FAE04EC0-301F-11D3-BF4B-00C04F79EFBC}") = "09. BooksDB", "09. BooksDB\09. BooksDB.csproj", "{4757005C-BB77-46EB-A5B7-9D5FEF4B9820}"
EndProject
Project("{FAE04EC0-301F-11D3-BF4B-00C04F79EFBC}") = "10. BooksDBSQLite", "10. BooksDBSQLite\10. BooksDBSQLite.csproj", "{04BE52E2-32E5-4BF7-BC79-80B1D75E26C4}"
EndProject
Global
	GlobalSection(SolutionConfigurationPlatforms) = preSolution
		Debug|Any CPU = Debug|Any CPU
		Release|Any CPU = Release|Any CPU
	EndGlobalSection
	GlobalSection(ProjectConfigurationPlatforms) = postSolution
		{23DE61C1-65E2-44C1-A9D7-198B9225FFDE}.Debug|Any CPU.ActiveCfg = Debug|Any CPU
		{23DE61C1-65E2-44C1-A9D7-198B9225FFDE}.Debug|Any CPU.Build.0 = Debug|Any CPU
		{23DE61C1-65E2-44C1-A9D7-198B9225FFDE}.Release|Any CPU.ActiveCfg = Release|Any CPU
		{23DE61C1-65E2-44C1-A9D7-198B9225FFDE}.Release|Any CPU.Build.0 = Release|Any CPU
		{CB48BAB1-9A24-42E4-AC8B-7A8B6E23F3A5}.Debug|Any CPU.ActiveCfg = Debug|Any CPU
		{CB48BAB1-9A24-42E4-AC8B-7A8B6E23F3A5}.Debug|Any CPU.Build.0 = Debug|Any CPU
		{CB48BAB1-9A24-42E4-AC8B-7A8B6E23F3A5}.Release|Any CPU.ActiveCfg = Release|Any CPU
		{CB48BAB1-9A24-42E4-AC8B-7A8B6E23F3A5}.Release|Any CPU.Build.0 = Release|Any CPU
		{6E28AEC1-8574-4CDE-A7B4-CAFA961465A0}.Debug|Any CPU.ActiveCfg = Debug|Any CPU
		{6E28AEC1-8574-4CDE-A7B4-CAFA961465A0}.Debug|Any CPU.Build.0 = Debug|Any CPU
		{6E28AEC1-8574-4CDE-A7B4-CAFA961465A0}.Release|Any CPU.ActiveCfg = Release|Any CPU
		{6E28AEC1-8574-4CDE-A7B4-CAFA961465A0}.Release|Any CPU.Build.0 = Release|Any CPU
		{669FEC74-717B-43E7-AA9C-5E1EC4A0D48F}.Debug|Any CPU.ActiveCfg = Debug|Any CPU
		{669FEC74-717B-43E7-AA9C-5E1EC4A0D48F}.Debug|Any CPU.Build.0 = Debug|Any CPU
		{669FEC74-717B-43E7-AA9C-5E1EC4A0D48F}.Release|Any CPU.ActiveCfg = Release|Any CPU
		{669FEC74-717B-43E7-AA9C-5E1EC4A0D48F}.Release|Any CPU.Build.0 = Release|Any CPU
		{399C3C95-D6C9-4C9F-961F-AA360F492AAF}.Debug|Any CPU.ActiveCfg = Debug|Any CPU
		{399C3C95-D6C9-4C9F-961F-AA360F492AAF}.Debug|Any CPU.Build.0 = Debug|Any CPU
		{399C3C95-D6C9-4C9F-961F-AA360F492AAF}.Release|Any CPU.ActiveCfg = Release|Any CPU
		{399C3C95-D6C9-4C9F-961F-AA360F492AAF}.Release|Any CPU.Build.0 = Release|Any CPU
		{9596DAC1-6D38-48DC-A944-DC5E92FC78E5}.Debug|Any CPU.ActiveCfg = Debug|Any CPU
		{9596DAC1-6D38-48DC-A944-DC5E92FC78E5}.Debug|Any CPU.Build.0 = Debug|Any CPU
		{9596DAC1-6D38-48DC-A944-DC5E92FC78E5}.Release|Any CPU.ActiveCfg = Release|Any CPU
		{9596DAC1-6D38-48DC-A944-DC5E92FC78E5}.Release|Any CPU.Build.0 = Release|Any CPU
		{F5910569-FEAC-4E44-BD85-8A5DEE1D3113}.Debug|Any CPU.ActiveCfg = Debug|Any CPU
		{F5910569-FEAC-4E44-BD85-8A5DEE1D3113}.Debug|Any CPU.Build.0 = Debug|Any CPU
		{F5910569-FEAC-4E44-BD85-8A5DEE1D3113}.Release|Any CPU.ActiveCfg = Release|Any CPU
		{F5910569-FEAC-4E44-BD85-8A5DEE1D3113}.Release|Any CPU.Build.0 = Release|Any CPU
		{382AD6E1-15DE-4447-9BE9-06BE62D4D7DF}.Debug|Any CPU.ActiveCfg = Debug|Any CPU
		{382AD6E1-15DE-4447-9BE9-06BE62D4D7DF}.Debug|Any CPU.Build.0 = Debug|Any CPU
		{382AD6E1-15DE-4447-9BE9-06BE62D4D7DF}.Release|Any CPU.ActiveCfg = Release|Any CPU
		{382AD6E1-15DE-4447-9BE9-06BE62D4D7DF}.Release|Any CPU.Build.0 = Release|Any CPU
		{4757005C-BB77-46EB-A5B7-9D5FEF4B9820}.Debug|Any CPU.ActiveCfg = Debug|Any CPU
		{4757005C-BB77-46EB-A5B7-9D5FEF4B9820}.Debug|Any CPU.Build.0 = Debug|Any CPU
		{4757005C-BB77-46EB-A5B7-9D5FEF4B9820}.Release|Any CPU.ActiveCfg = Release|Any CPU
		{4757005C-BB77-46EB-A5B7-9D5FEF4B9820}.Release|Any CPU.Build.0 = Release|Any CPU
		{04BE52E2-32E5-4BF7-BC79-80B1D75E26C4}.Debug|Any CPU.ActiveCfg = Debug|Any CPU
		{04BE52E2-32E5-4BF7-BC79-80B1D75E26C4}.Debug|Any CPU.Build.0 = Debug|Any CPU
		{04BE52E2-32E5-4BF7-BC79-80B1D75E26C4}.Release|Any CPU.ActiveCfg = Release|Any CPU
		{04BE52E2-32E5-4BF7-BC79-80B1D75E26C4}.Release|Any CPU.Build.0 = Release|Any CPU
	EndGlobalSection
	GlobalSection(SolutionProperties) = preSolution
		HideSolutionNode = FALSE
	EndGlobalSection
EndGlobal
