
Microsoft Visual Studio Solution File, Format Version 12.00
# Visual Studio 2012
Project("{FAE04EC0-301F-11D3-BF4B-00C04F79EFBC}") = "Poker", "Poker\Poker.csproj", "{DCFF27BD-7A7C-4AB7-B7F6-9D2B18BDCB4C}"
EndProject
Project("{FAE04EC0-301F-11D3-BF4B-00C04F79EFBC}") = "PokerTests", "PokerTests\PokerTests.csproj", "{870047F4-DC60-4698-97BC-E9E0CD775D33}"
EndProject
Global
	GlobalSection(SolutionConfigurationPlatforms) = preSolution
		Debug|Any CPU = Debug|Any CPU
		Release|Any CPU = Release|Any CPU
	EndGlobalSection
	GlobalSection(ProjectConfigurationPlatforms) = postSolution
		{DCFF27BD-7A7C-4AB7-B7F6-9D2B18BDCB4C}.Debug|Any CPU.ActiveCfg = Debug|Any CPU
		{DCFF27BD-7A7C-4AB7-B7F6-9D2B18BDCB4C}.Debug|Any CPU.Build.0 = Debug|Any CPU
		{DCFF27BD-7A7C-4AB7-B7F6-9D2B18BDCB4C}.Release|Any CPU.ActiveCfg = Release|Any CPU
		{DCFF27BD-7A7C-4AB7-B7F6-9D2B18BDCB4C}.Release|Any CPU.Build.0 = Release|Any CPU
		{870047F4-DC60-4698-97BC-E9E0CD775D33}.Debug|Any CPU.ActiveCfg = Debug|Any CPU
		{870047F4-DC60-4698-97BC-E9E0CD775D33}.Debug|Any CPU.Build.0 = Debug|Any CPU
		{870047F4-DC60-4698-97BC-E9E0CD775D33}.Release|Any CPU.ActiveCfg = Release|Any CPU
		{870047F4-DC60-4698-97BC-E9E0CD775D33}.Release|Any CPU.Build.0 = Release|Any CPU
	EndGlobalSection
	GlobalSection(SolutionProperties) = preSolution
		HideSolutionNode = FALSE
	EndGlobalSection
EndGlobal
