
Microsoft Visual Studio Solution File, Format Version 12.00
# Visual Studio 2012
Project("{FAE04EC0-301F-11D3-BF4B-00C04F79EFBC}") = "BloggingSystem.Models", "BloggingSystem.Models\BloggingSystem.Models.csproj", "{2AA10746-9E4E-4FBA-A6A0-C258358D27FB}"
EndProject
Project("{FAE04EC0-301F-11D3-BF4B-00C04F79EFBC}") = "BloggingSystem.Data", "BloggingSystem.Data\BloggingSystem.Data.csproj", "{361F39A5-A01E-4B5E-944D-1ED405F80683}"
EndProject
Project("{FAE04EC0-301F-11D3-BF4B-00C04F79EFBC}") = "BloggingSystem.Services", "BloggingSystem.Services\BloggingSystem.Services.csproj", "{89368071-3502-4C2F-A6D6-3B7DE7134CCC}"
EndProject
Project("{FAE04EC0-301F-11D3-BF4B-00C04F79EFBC}") = "BloggingSystem.IntegrationTests", "BloggingSystem.IntegrationTests\BloggingSystem.IntegrationTests.csproj", "{B94DC425-CB1F-4DAE-BA8D-0CDABB5D0CB0}"
EndProject
Global
	GlobalSection(SolutionConfigurationPlatforms) = preSolution
		Debug|Any CPU = Debug|Any CPU
		Release|Any CPU = Release|Any CPU
	EndGlobalSection
	GlobalSection(ProjectConfigurationPlatforms) = postSolution
		{2AA10746-9E4E-4FBA-A6A0-C258358D27FB}.Debug|Any CPU.ActiveCfg = Debug|Any CPU
		{2AA10746-9E4E-4FBA-A6A0-C258358D27FB}.Debug|Any CPU.Build.0 = Debug|Any CPU
		{2AA10746-9E4E-4FBA-A6A0-C258358D27FB}.Release|Any CPU.ActiveCfg = Release|Any CPU
		{2AA10746-9E4E-4FBA-A6A0-C258358D27FB}.Release|Any CPU.Build.0 = Release|Any CPU
		{361F39A5-A01E-4B5E-944D-1ED405F80683}.Debug|Any CPU.ActiveCfg = Debug|Any CPU
		{361F39A5-A01E-4B5E-944D-1ED405F80683}.Debug|Any CPU.Build.0 = Debug|Any CPU
		{361F39A5-A01E-4B5E-944D-1ED405F80683}.Release|Any CPU.ActiveCfg = Release|Any CPU
		{361F39A5-A01E-4B5E-944D-1ED405F80683}.Release|Any CPU.Build.0 = Release|Any CPU
		{89368071-3502-4C2F-A6D6-3B7DE7134CCC}.Debug|Any CPU.ActiveCfg = Debug|Any CPU
		{89368071-3502-4C2F-A6D6-3B7DE7134CCC}.Debug|Any CPU.Build.0 = Debug|Any CPU
		{89368071-3502-4C2F-A6D6-3B7DE7134CCC}.Release|Any CPU.ActiveCfg = Release|Any CPU
		{89368071-3502-4C2F-A6D6-3B7DE7134CCC}.Release|Any CPU.Build.0 = Release|Any CPU
		{B94DC425-CB1F-4DAE-BA8D-0CDABB5D0CB0}.Debug|Any CPU.ActiveCfg = Debug|Any CPU
		{B94DC425-CB1F-4DAE-BA8D-0CDABB5D0CB0}.Debug|Any CPU.Build.0 = Debug|Any CPU
		{B94DC425-CB1F-4DAE-BA8D-0CDABB5D0CB0}.Release|Any CPU.ActiveCfg = Release|Any CPU
		{B94DC425-CB1F-4DAE-BA8D-0CDABB5D0CB0}.Release|Any CPU.Build.0 = Release|Any CPU
	EndGlobalSection
	GlobalSection(SolutionProperties) = preSolution
		HideSolutionNode = FALSE
	EndGlobalSection
EndGlobal
