
Microsoft Visual Studio Solution File, Format Version 12.00
# Visual Studio 2012
Project("{FAE04EC0-301F-11D3-BF4B-00C04F79EFBC}") = "GetArticlesFromFeedzilla", "GetArticlesFromFeedzilla\GetArticlesFromFeedzilla.csproj", "{19CEA0BD-C947-472E-A6CC-499F99A786CA}"
EndProject
Global
	GlobalSection(SolutionConfigurationPlatforms) = preSolution
		Debug|Any CPU = Debug|Any CPU
		Release|Any CPU = Release|Any CPU
	EndGlobalSection
	GlobalSection(ProjectConfigurationPlatforms) = postSolution
		{19CEA0BD-C947-472E-A6CC-499F99A786CA}.Debug|Any CPU.ActiveCfg = Debug|Any CPU
		{19CEA0BD-C947-472E-A6CC-499F99A786CA}.Debug|Any CPU.Build.0 = Debug|Any CPU
		{19CEA0BD-C947-472E-A6CC-499F99A786CA}.Release|Any CPU.ActiveCfg = Release|Any CPU
		{19CEA0BD-C947-472E-A6CC-499F99A786CA}.Release|Any CPU.Build.0 = Release|Any CPU
	EndGlobalSection
	GlobalSection(SolutionProperties) = preSolution
		HideSolutionNode = FALSE
	EndGlobalSection
EndGlobal
