
Microsoft Visual Studio Solution File, Format Version 12.00
# Visual Studio 2012
Project("{FAE04EC0-301F-11D3-BF4B-00C04F79EFBC}") = "1. School", "1. School\1. School.csproj", "{30C338B0-C5B6-4C87-BEB6-DDD0939D39D1}"
EndProject
Project("{FAE04EC0-301F-11D3-BF4B-00C04F79EFBC}") = "2. HumanLists-SortAndMerge", "2. HumanLists-SortAndMerge\2. HumanLists-SortAndMerge.csproj", "{7D1E6C9B-34B1-424C-907D-3A6B1DF7E769}"
EndProject
Project("{FAE04EC0-301F-11D3-BF4B-00C04F79EFBC}") = "3. AnimalSounds", "3. AnimalSounds\3. AnimalSounds.csproj", "{1EB502C1-8D17-4D4C-A4A5-48AFC1A32994}"
EndProject
Global
	GlobalSection(SolutionConfigurationPlatforms) = preSolution
		Debug|Any CPU = Debug|Any CPU
		Release|Any CPU = Release|Any CPU
	EndGlobalSection
	GlobalSection(ProjectConfigurationPlatforms) = postSolution
		{30C338B0-C5B6-4C87-BEB6-DDD0939D39D1}.Debug|Any CPU.ActiveCfg = Debug|Any CPU
		{30C338B0-C5B6-4C87-BEB6-DDD0939D39D1}.Debug|Any CPU.Build.0 = Debug|Any CPU
		{30C338B0-C5B6-4C87-BEB6-DDD0939D39D1}.Release|Any CPU.ActiveCfg = Release|Any CPU
		{30C338B0-C5B6-4C87-BEB6-DDD0939D39D1}.Release|Any CPU.Build.0 = Release|Any CPU
		{7D1E6C9B-34B1-424C-907D-3A6B1DF7E769}.Debug|Any CPU.ActiveCfg = Debug|Any CPU
		{7D1E6C9B-34B1-424C-907D-3A6B1DF7E769}.Debug|Any CPU.Build.0 = Debug|Any CPU
		{7D1E6C9B-34B1-424C-907D-3A6B1DF7E769}.Release|Any CPU.ActiveCfg = Release|Any CPU
		{7D1E6C9B-34B1-424C-907D-3A6B1DF7E769}.Release|Any CPU.Build.0 = Release|Any CPU
		{1EB502C1-8D17-4D4C-A4A5-48AFC1A32994}.Debug|Any CPU.ActiveCfg = Debug|Any CPU
		{1EB502C1-8D17-4D4C-A4A5-48AFC1A32994}.Debug|Any CPU.Build.0 = Debug|Any CPU
		{1EB502C1-8D17-4D4C-A4A5-48AFC1A32994}.Release|Any CPU.ActiveCfg = Release|Any CPU
		{1EB502C1-8D17-4D4C-A4A5-48AFC1A32994}.Release|Any CPU.Build.0 = Release|Any CPU
	EndGlobalSection
	GlobalSection(SolutionProperties) = preSolution
		HideSolutionNode = FALSE
	EndGlobalSection
EndGlobal
