
Microsoft Visual Studio Solution File, Format Version 12.00
# Visual Studio 2012
Project("{FAE04EC0-301F-11D3-BF4B-00C04F79EFBC}") = "Employees", "Employees\Employees.csproj", "{94DDEA4E-7448-4279-9EB4-B4055B2D7F14}"
EndProject
Global
	GlobalSection(SolutionConfigurationPlatforms) = preSolution
		Debug|Any CPU = Debug|Any CPU
		Release|Any CPU = Release|Any CPU
	EndGlobalSection
	GlobalSection(ProjectConfigurationPlatforms) = postSolution
		{94DDEA4E-7448-4279-9EB4-B4055B2D7F14}.Debug|Any CPU.ActiveCfg = Debug|Any CPU
		{94DDEA4E-7448-4279-9EB4-B4055B2D7F14}.Debug|Any CPU.Build.0 = Debug|Any CPU
		{94DDEA4E-7448-4279-9EB4-B4055B2D7F14}.Release|Any CPU.ActiveCfg = Release|Any CPU
		{94DDEA4E-7448-4279-9EB4-B4055B2D7F14}.Release|Any CPU.Build.0 = Release|Any CPU
	EndGlobalSection
	GlobalSection(SolutionProperties) = preSolution
		HideSolutionNode = FALSE
	EndGlobalSection
EndGlobal
