
Microsoft Visual Studio Solution File, Format Version 12.00
# Visual Studio 2012
Project("{FAE04EC0-301F-11D3-BF4B-00C04F79EFBC}") = "School", "School\School.csproj", "{6C85662A-1121-4F8B-AACB-2FD3B5E85232}"
EndProject
Project("{FAE04EC0-301F-11D3-BF4B-00C04F79EFBC}") = "TestSchool", "TestSchool\TestSchool.csproj", "{D038AB7B-6F25-41A5-A58C-DB3D70FE40DA}"
EndProject
Global
	GlobalSection(SolutionConfigurationPlatforms) = preSolution
		Debug|Any CPU = Debug|Any CPU
		Release|Any CPU = Release|Any CPU
	EndGlobalSection
	GlobalSection(ProjectConfigurationPlatforms) = postSolution
		{6C85662A-1121-4F8B-AACB-2FD3B5E85232}.Debug|Any CPU.ActiveCfg = Debug|Any CPU
		{6C85662A-1121-4F8B-AACB-2FD3B5E85232}.Debug|Any CPU.Build.0 = Debug|Any CPU
		{6C85662A-1121-4F8B-AACB-2FD3B5E85232}.Release|Any CPU.ActiveCfg = Release|Any CPU
		{6C85662A-1121-4F8B-AACB-2FD3B5E85232}.Release|Any CPU.Build.0 = Release|Any CPU
		{D038AB7B-6F25-41A5-A58C-DB3D70FE40DA}.Debug|Any CPU.ActiveCfg = Debug|Any CPU
		{D038AB7B-6F25-41A5-A58C-DB3D70FE40DA}.Debug|Any CPU.Build.0 = Debug|Any CPU
		{D038AB7B-6F25-41A5-A58C-DB3D70FE40DA}.Release|Any CPU.ActiveCfg = Release|Any CPU
		{D038AB7B-6F25-41A5-A58C-DB3D70FE40DA}.Release|Any CPU.Build.0 = Release|Any CPU
	EndGlobalSection
	GlobalSection(SolutionProperties) = preSolution
		HideSolutionNode = FALSE
	EndGlobalSection
EndGlobal
