
Microsoft Visual Studio Solution File, Format Version 12.00
# Visual Studio 2012
Project("{FAE04EC0-301F-11D3-BF4B-00C04F79EFBC}") = "SortingHomework", "SortingHomework\SortingHomework.csproj", "{D66FA81A-3D46-4CC8-8D3B-84F59CBE729F}"
EndProject
Project("{FAE04EC0-301F-11D3-BF4B-00C04F79EFBC}") = "SortingHomeworkTests", "SortingHomeworkTests\SortingHomeworkTests.csproj", "{220D13F7-7B53-4CCA-B6FB-C90973AE3906}"
EndProject
Global
	GlobalSection(SolutionConfigurationPlatforms) = preSolution
		Debug|Any CPU = Debug|Any CPU
		Release|Any CPU = Release|Any CPU
	EndGlobalSection
	GlobalSection(ProjectConfigurationPlatforms) = postSolution
		{D66FA81A-3D46-4CC8-8D3B-84F59CBE729F}.Debug|Any CPU.ActiveCfg = Debug|Any CPU
		{D66FA81A-3D46-4CC8-8D3B-84F59CBE729F}.Debug|Any CPU.Build.0 = Debug|Any CPU
		{D66FA81A-3D46-4CC8-8D3B-84F59CBE729F}.Release|Any CPU.ActiveCfg = Release|Any CPU
		{D66FA81A-3D46-4CC8-8D3B-84F59CBE729F}.Release|Any CPU.Build.0 = Release|Any CPU
		{220D13F7-7B53-4CCA-B6FB-C90973AE3906}.Debug|Any CPU.ActiveCfg = Debug|Any CPU
		{220D13F7-7B53-4CCA-B6FB-C90973AE3906}.Debug|Any CPU.Build.0 = Debug|Any CPU
		{220D13F7-7B53-4CCA-B6FB-C90973AE3906}.Release|Any CPU.ActiveCfg = Release|Any CPU
		{220D13F7-7B53-4CCA-B6FB-C90973AE3906}.Release|Any CPU.Build.0 = Release|Any CPU
	EndGlobalSection
	GlobalSection(SolutionProperties) = preSolution
		HideSolutionNode = FALSE
	EndGlobalSection
EndGlobal
