
Microsoft Visual Studio Solution File, Format Version 12.00
# Visual Studio 2012
Project("{FAE04EC0-301F-11D3-BF4B-00C04F79EFBC}") = "1. TreeAlgorithms", "1. TreeAlgorithms\1. TreeAlgorithms.csproj", "{7DEF1C09-960D-4493-8302-FAB45EC70114}"
EndProject
Project("{FAE04EC0-301F-11D3-BF4B-00C04F79EFBC}") = "2. ExtractExeFiles", "2. ExtractExeFiles\2. ExtractExeFiles.csproj", "{2658D8BB-1FC4-48D0-BCB0-571CCA39C7E7}"
EndProject
Project("{FAE04EC0-301F-11D3-BF4B-00C04F79EFBC}") = "3. FileSystemTree", "3. FileSystemTree\3. FileSystemTree.csproj", "{50893D04-5FAA-461B-818A-032E2166EE24}"
EndProject
Project("{FAE04EC0-301F-11D3-BF4B-00C04F79EFBC}") = "FileSystemTreeTest", "FileSystemTreeTest\FileSystemTreeTest.csproj", "{A723B325-88B6-4601-96E3-FC668EE2AE57}"
EndProject
Global
	GlobalSection(SolutionConfigurationPlatforms) = preSolution
		Debug|Any CPU = Debug|Any CPU
		Release|Any CPU = Release|Any CPU
	EndGlobalSection
	GlobalSection(ProjectConfigurationPlatforms) = postSolution
		{7DEF1C09-960D-4493-8302-FAB45EC70114}.Debug|Any CPU.ActiveCfg = Debug|Any CPU
		{7DEF1C09-960D-4493-8302-FAB45EC70114}.Debug|Any CPU.Build.0 = Debug|Any CPU
		{7DEF1C09-960D-4493-8302-FAB45EC70114}.Release|Any CPU.ActiveCfg = Release|Any CPU
		{7DEF1C09-960D-4493-8302-FAB45EC70114}.Release|Any CPU.Build.0 = Release|Any CPU
		{2658D8BB-1FC4-48D0-BCB0-571CCA39C7E7}.Debug|Any CPU.ActiveCfg = Debug|Any CPU
		{2658D8BB-1FC4-48D0-BCB0-571CCA39C7E7}.Debug|Any CPU.Build.0 = Debug|Any CPU
		{2658D8BB-1FC4-48D0-BCB0-571CCA39C7E7}.Release|Any CPU.ActiveCfg = Release|Any CPU
		{2658D8BB-1FC4-48D0-BCB0-571CCA39C7E7}.Release|Any CPU.Build.0 = Release|Any CPU
		{50893D04-5FAA-461B-818A-032E2166EE24}.Debug|Any CPU.ActiveCfg = Debug|Any CPU
		{50893D04-5FAA-461B-818A-032E2166EE24}.Debug|Any CPU.Build.0 = Debug|Any CPU
		{50893D04-5FAA-461B-818A-032E2166EE24}.Release|Any CPU.ActiveCfg = Release|Any CPU
		{50893D04-5FAA-461B-818A-032E2166EE24}.Release|Any CPU.Build.0 = Release|Any CPU
		{A723B325-88B6-4601-96E3-FC668EE2AE57}.Debug|Any CPU.ActiveCfg = Debug|Any CPU
		{A723B325-88B6-4601-96E3-FC668EE2AE57}.Debug|Any CPU.Build.0 = Debug|Any CPU
		{A723B325-88B6-4601-96E3-FC668EE2AE57}.Release|Any CPU.ActiveCfg = Release|Any CPU
		{A723B325-88B6-4601-96E3-FC668EE2AE57}.Release|Any CPU.Build.0 = Release|Any CPU
	EndGlobalSection
	GlobalSection(SolutionProperties) = preSolution
		HideSolutionNode = FALSE
	EndGlobalSection
EndGlobal
