
Microsoft Visual Studio Solution File, Format Version 12.00
# Visual Studio 2012
Project("{FAE04EC0-301F-11D3-BF4B-00C04F79EFBC}") = "Problem1-MathExpressions", "Problem1-MathExpressions\Problem1-MathExpressions.csproj", "{5FD08D28-1918-47B8-A573-AA7CEDE87807}"
EndProject
Project("{FAE04EC0-301F-11D3-BF4B-00C04F79EFBC}") = "Problem2-LeastMajorityMultiple", "Problem2-LeastMajorityMultiple\Problem2-LeastMajorityMultiple.csproj", "{73064929-1EF2-4962-9E43-EF095A79B18E}"
EndProject
Project("{FAE04EC0-301F-11D3-BF4B-00C04F79EFBC}") = "Problem3-Trapezoid", "Problem3-Trapezoid\Problem3-Trapezoid.csproj", "{A012139A-F68B-475B-B6F8-65340580AD25}"
EndProject
Project("{FAE04EC0-301F-11D3-BF4B-00C04F79EFBC}") = "Problem4-OddNumber", "Problem4-OddNumber\Problem4-OddNumber.csproj", "{33CC9E5B-4EB9-4BDB-B9DD-8415ADA7C470}"
EndProject
Project("{FAE04EC0-301F-11D3-BF4B-00C04F79EFBC}") = "Problem5-FallDown", "Problem5-FallDown\Problem5-FallDown.csproj", "{B18F6962-C9E7-4D05-B7F8-7FF8E0842933}"
EndProject
Global
	GlobalSection(SolutionConfigurationPlatforms) = preSolution
		Debug|Any CPU = Debug|Any CPU
		Release|Any CPU = Release|Any CPU
	EndGlobalSection
	GlobalSection(ProjectConfigurationPlatforms) = postSolution
		{5FD08D28-1918-47B8-A573-AA7CEDE87807}.Debug|Any CPU.ActiveCfg = Debug|Any CPU
		{5FD08D28-1918-47B8-A573-AA7CEDE87807}.Debug|Any CPU.Build.0 = Debug|Any CPU
		{5FD08D28-1918-47B8-A573-AA7CEDE87807}.Release|Any CPU.ActiveCfg = Release|Any CPU
		{5FD08D28-1918-47B8-A573-AA7CEDE87807}.Release|Any CPU.Build.0 = Release|Any CPU
		{73064929-1EF2-4962-9E43-EF095A79B18E}.Debug|Any CPU.ActiveCfg = Debug|Any CPU
		{73064929-1EF2-4962-9E43-EF095A79B18E}.Debug|Any CPU.Build.0 = Debug|Any CPU
		{73064929-1EF2-4962-9E43-EF095A79B18E}.Release|Any CPU.ActiveCfg = Release|Any CPU
		{73064929-1EF2-4962-9E43-EF095A79B18E}.Release|Any CPU.Build.0 = Release|Any CPU
		{A012139A-F68B-475B-B6F8-65340580AD25}.Debug|Any CPU.ActiveCfg = Debug|Any CPU
		{A012139A-F68B-475B-B6F8-65340580AD25}.Debug|Any CPU.Build.0 = Debug|Any CPU
		{A012139A-F68B-475B-B6F8-65340580AD25}.Release|Any CPU.ActiveCfg = Release|Any CPU
		{A012139A-F68B-475B-B6F8-65340580AD25}.Release|Any CPU.Build.0 = Release|Any CPU
		{33CC9E5B-4EB9-4BDB-B9DD-8415ADA7C470}.Debug|Any CPU.ActiveCfg = Debug|Any CPU
		{33CC9E5B-4EB9-4BDB-B9DD-8415ADA7C470}.Debug|Any CPU.Build.0 = Debug|Any CPU
		{33CC9E5B-4EB9-4BDB-B9DD-8415ADA7C470}.Release|Any CPU.ActiveCfg = Release|Any CPU
		{33CC9E5B-4EB9-4BDB-B9DD-8415ADA7C470}.Release|Any CPU.Build.0 = Release|Any CPU
		{B18F6962-C9E7-4D05-B7F8-7FF8E0842933}.Debug|Any CPU.ActiveCfg = Debug|Any CPU
		{B18F6962-C9E7-4D05-B7F8-7FF8E0842933}.Debug|Any CPU.Build.0 = Debug|Any CPU
		{B18F6962-C9E7-4D05-B7F8-7FF8E0842933}.Release|Any CPU.ActiveCfg = Release|Any CPU
		{B18F6962-C9E7-4D05-B7F8-7FF8E0842933}.Release|Any CPU.Build.0 = Release|Any CPU
	EndGlobalSection
	GlobalSection(SolutionProperties) = preSolution
		HideSolutionNode = FALSE
	EndGlobalSection
EndGlobal
