
Microsoft Visual Studio Solution File, Format Version 12.00
# Visual Studio 2012
Project("{FAE04EC0-301F-11D3-BF4B-00C04F79EFBC}") = "01. NNestedLoops", "01. NNestedLoops\01. NNestedLoops.csproj", "{38FC7863-52F5-4953-9DD5-ED0A5A3EB14D}"
EndProject
Project("{FAE04EC0-301F-11D3-BF4B-00C04F79EFBC}") = "02. CombinationsWithDuplications", "02. CombinationsWithDuplications\02. CombinationsWithDuplications.csproj", "{BB02071D-E0A7-4616-BB96-C5E140AD2D48}"
EndProject
Project("{FAE04EC0-301F-11D3-BF4B-00C04F79EFBC}") = "03. CombinationsWithoutDuplicates", "03. CombinationsWithoutDuplicates\03. CombinationsWithoutDuplicates.csproj", "{5D7ECDCC-53CB-4DEF-BB68-0DEA4554BE79}"
EndProject
Project("{FAE04EC0-301F-11D3-BF4B-00C04F79EFBC}") = "04. Permutations", "04. Permutations\04. Permutations.csproj", "{38B29BF9-BFEE-4527-B676-1EE86E76D723}"
EndProject
Project("{FAE04EC0-301F-11D3-BF4B-00C04F79EFBC}") = "05. OrderedVariations", "05. OrderedVariations\05. OrderedVariations.csproj", "{DF477FF5-261F-4A8C-872D-B86EE0E9ABDE}"
EndProject
Project("{FAE04EC0-301F-11D3-BF4B-00C04F79EFBC}") = "06. PrintAllSubsetsOfKElements", "06. PrintAllSubsetsOfKElements\06. PrintAllSubsetsOfKElements.csproj", "{751D9E53-1FCF-4E73-A451-CB159FAD0FD5}"
EndProject
Project("{FAE04EC0-301F-11D3-BF4B-00C04F79EFBC}") = "07. AllPathsInMatrix", "07. AllPathsInMatrix\07. AllPathsInMatrix.csproj", "{9D62357A-BCE1-4E72-8C38-D3CEF6D10AA8}"
EndProject
Project("{FAE04EC0-301F-11D3-BF4B-00C04F79EFBC}") = "08. CheckExistanceOfPath", "08. CheckExistanceOfPath\08. CheckExistanceOfPath.csproj", "{B2A1F7AC-1ADD-4C52-B3C5-477FBB9A63D5}"
EndProject
Project("{FAE04EC0-301F-11D3-BF4B-00C04F79EFBC}") = "09. LargestConnectedAreaOfAdjacentEmpyCells", "09. LargestConnectedAreaOfAdjacentEmpyCells\09. LargestConnectedAreaOfAdjacentEmpyCells.csproj", "{2C92E815-23F9-42C0-B142-049DF0A19750}"
EndProject
Project("{FAE04EC0-301F-11D3-BF4B-00C04F79EFBC}") = "10. AllAreasOfPassableCells", "10. AllAreasOfPassableCells\10. AllAreasOfPassableCells.csproj", "{55BED277-13CE-4D79-BECA-2C54BC3507FF}"
EndProject
Project("{FAE04EC0-301F-11D3-BF4B-00C04F79EFBC}") = "11. PermutationsWithRepetitionsOfMultiSet", "11. PermutationsWithRepetitionsOfMultiSet\11. PermutationsWithRepetitionsOfMultiSet.csproj", "{E977E567-F8A0-40BB-95B3-BFD9F420EB17}"
EndProject
Project("{FAE04EC0-301F-11D3-BF4B-00C04F79EFBC}") = "12. 8QueensPuzzle", "12. 8QueensPuzzle\12. 8QueensPuzzle.csproj", "{249AABF9-FB2A-4DB4-88AA-518664FA8F2C}"
EndProject
Global
	GlobalSection(SolutionConfigurationPlatforms) = preSolution
		Debug|Any CPU = Debug|Any CPU
		Release|Any CPU = Release|Any CPU
	EndGlobalSection
	GlobalSection(ProjectConfigurationPlatforms) = postSolution
		{38FC7863-52F5-4953-9DD5-ED0A5A3EB14D}.Debug|Any CPU.ActiveCfg = Debug|Any CPU
		{38FC7863-52F5-4953-9DD5-ED0A5A3EB14D}.Debug|Any CPU.Build.0 = Debug|Any CPU
		{38FC7863-52F5-4953-9DD5-ED0A5A3EB14D}.Release|Any CPU.ActiveCfg = Release|Any CPU
		{38FC7863-52F5-4953-9DD5-ED0A5A3EB14D}.Release|Any CPU.Build.0 = Release|Any CPU
		{BB02071D-E0A7-4616-BB96-C5E140AD2D48}.Debug|Any CPU.ActiveCfg = Debug|Any CPU
		{BB02071D-E0A7-4616-BB96-C5E140AD2D48}.Debug|Any CPU.Build.0 = Debug|Any CPU
		{BB02071D-E0A7-4616-BB96-C5E140AD2D48}.Release|Any CPU.ActiveCfg = Release|Any CPU
		{BB02071D-E0A7-4616-BB96-C5E140AD2D48}.Release|Any CPU.Build.0 = Release|Any CPU
		{5D7ECDCC-53CB-4DEF-BB68-0DEA4554BE79}.Debug|Any CPU.ActiveCfg = Debug|Any CPU
		{5D7ECDCC-53CB-4DEF-BB68-0DEA4554BE79}.Debug|Any CPU.Build.0 = Debug|Any CPU
		{5D7ECDCC-53CB-4DEF-BB68-0DEA4554BE79}.Release|Any CPU.ActiveCfg = Release|Any CPU
		{5D7ECDCC-53CB-4DEF-BB68-0DEA4554BE79}.Release|Any CPU.Build.0 = Release|Any CPU
		{38B29BF9-BFEE-4527-B676-1EE86E76D723}.Debug|Any CPU.ActiveCfg = Debug|Any CPU
		{38B29BF9-BFEE-4527-B676-1EE86E76D723}.Debug|Any CPU.Build.0 = Debug|Any CPU
		{38B29BF9-BFEE-4527-B676-1EE86E76D723}.Release|Any CPU.ActiveCfg = Release|Any CPU
		{38B29BF9-BFEE-4527-B676-1EE86E76D723}.Release|Any CPU.Build.0 = Release|Any CPU
		{DF477FF5-261F-4A8C-872D-B86EE0E9ABDE}.Debug|Any CPU.ActiveCfg = Debug|Any CPU
		{DF477FF5-261F-4A8C-872D-B86EE0E9ABDE}.Debug|Any CPU.Build.0 = Debug|Any CPU
		{DF477FF5-261F-4A8C-872D-B86EE0E9ABDE}.Release|Any CPU.ActiveCfg = Release|Any CPU
		{DF477FF5-261F-4A8C-872D-B86EE0E9ABDE}.Release|Any CPU.Build.0 = Release|Any CPU
		{751D9E53-1FCF-4E73-A451-CB159FAD0FD5}.Debug|Any CPU.ActiveCfg = Debug|Any CPU
		{751D9E53-1FCF-4E73-A451-CB159FAD0FD5}.Debug|Any CPU.Build.0 = Debug|Any CPU
		{751D9E53-1FCF-4E73-A451-CB159FAD0FD5}.Release|Any CPU.ActiveCfg = Release|Any CPU
		{751D9E53-1FCF-4E73-A451-CB159FAD0FD5}.Release|Any CPU.Build.0 = Release|Any CPU
		{9D62357A-BCE1-4E72-8C38-D3CEF6D10AA8}.Debug|Any CPU.ActiveCfg = Debug|Any CPU
		{9D62357A-BCE1-4E72-8C38-D3CEF6D10AA8}.Debug|Any CPU.Build.0 = Debug|Any CPU
		{9D62357A-BCE1-4E72-8C38-D3CEF6D10AA8}.Release|Any CPU.ActiveCfg = Release|Any CPU
		{9D62357A-BCE1-4E72-8C38-D3CEF6D10AA8}.Release|Any CPU.Build.0 = Release|Any CPU
		{B2A1F7AC-1ADD-4C52-B3C5-477FBB9A63D5}.Debug|Any CPU.ActiveCfg = Debug|Any CPU
		{B2A1F7AC-1ADD-4C52-B3C5-477FBB9A63D5}.Debug|Any CPU.Build.0 = Debug|Any CPU
		{B2A1F7AC-1ADD-4C52-B3C5-477FBB9A63D5}.Release|Any CPU.ActiveCfg = Release|Any CPU
		{B2A1F7AC-1ADD-4C52-B3C5-477FBB9A63D5}.Release|Any CPU.Build.0 = Release|Any CPU
		{2C92E815-23F9-42C0-B142-049DF0A19750}.Debug|Any CPU.ActiveCfg = Debug|Any CPU
		{2C92E815-23F9-42C0-B142-049DF0A19750}.Debug|Any CPU.Build.0 = Debug|Any CPU
		{2C92E815-23F9-42C0-B142-049DF0A19750}.Release|Any CPU.ActiveCfg = Release|Any CPU
		{2C92E815-23F9-42C0-B142-049DF0A19750}.Release|Any CPU.Build.0 = Release|Any CPU
		{55BED277-13CE-4D79-BECA-2C54BC3507FF}.Debug|Any CPU.ActiveCfg = Debug|Any CPU
		{55BED277-13CE-4D79-BECA-2C54BC3507FF}.Debug|Any CPU.Build.0 = Debug|Any CPU
		{55BED277-13CE-4D79-BECA-2C54BC3507FF}.Release|Any CPU.ActiveCfg = Release|Any CPU
		{55BED277-13CE-4D79-BECA-2C54BC3507FF}.Release|Any CPU.Build.0 = Release|Any CPU
		{E977E567-F8A0-40BB-95B3-BFD9F420EB17}.Debug|Any CPU.ActiveCfg = Debug|Any CPU
		{E977E567-F8A0-40BB-95B3-BFD9F420EB17}.Debug|Any CPU.Build.0 = Debug|Any CPU
		{E977E567-F8A0-40BB-95B3-BFD9F420EB17}.Release|Any CPU.ActiveCfg = Release|Any CPU
		{E977E567-F8A0-40BB-95B3-BFD9F420EB17}.Release|Any CPU.Build.0 = Release|Any CPU
		{249AABF9-FB2A-4DB4-88AA-518664FA8F2C}.Debug|Any CPU.ActiveCfg = Debug|Any CPU
		{249AABF9-FB2A-4DB4-88AA-518664FA8F2C}.Debug|Any CPU.Build.0 = Debug|Any CPU
		{249AABF9-FB2A-4DB4-88AA-518664FA8F2C}.Release|Any CPU.ActiveCfg = Release|Any CPU
		{249AABF9-FB2A-4DB4-88AA-518664FA8F2C}.Release|Any CPU.Build.0 = Release|Any CPU
	EndGlobalSection
	GlobalSection(SolutionProperties) = preSolution
		HideSolutionNode = FALSE
	EndGlobalSection
EndGlobal
